
Microsoft Visual Studio Solution File, Format Version 12.00
# Visual Studio Version 16
VisualStudioVersion = 16.0.31005.135
MinimumVisualStudioVersion = 10.0.40219.1
Project("{9A19103F-16F7-4668-BE54-9A1E7A4F7556}") = "DataAccess", "DataAccess\DataAccess.csproj", "{83FC17DB-0998-4AF4-BD34-BE2A41EC2E2D}"
EndProject
Project("{9A19103F-16F7-4668-BE54-9A1E7A4F7556}") = "Entities", "Entities\Entities.csproj", "{4CB82E2D-040F-4765-8B72-19A5E19DA0BC}"
EndProject
Project("{9A19103F-16F7-4668-BE54-9A1E7A4F7556}") = "Business", "Business\Business.csproj", "{FB82B6CC-8460-4FD8-B056-C46F1AC80796}"
EndProject
Project("{9A19103F-16F7-4668-BE54-9A1E7A4F7556}") = "ConsoleUI", "ConsoleUI\ConsoleUI.csproj", "{0C3CC653-47B8-4520-933E-27CA03BB9D80}"
EndProject
Project("{9A19103F-16F7-4668-BE54-9A1E7A4F7556}") = "Core", "Core\Core.csproj", "{1613AB9C-1AB4-4B91-8CA4-FEE684DA03E9}"
EndProject
Project("{FAE04EC0-301F-11D3-BF4B-00C04F79EFBC}") = "WebAPI", "WebAPI\WebAPI.csproj", "{91A98128-2710-4641-979C-32293F57EF64}"
EndProject
Global
	GlobalSection(SolutionConfigurationPlatforms) = preSolution
		Debug|Any CPU = Debug|Any CPU
		Release|Any CPU = Release|Any CPU
	EndGlobalSection
	GlobalSection(ProjectConfigurationPlatforms) = postSolution
		{83FC17DB-0998-4AF4-BD34-BE2A41EC2E2D}.Debug|Any CPU.ActiveCfg = Debug|Any CPU
		{83FC17DB-0998-4AF4-BD34-BE2A41EC2E2D}.Debug|Any CPU.Build.0 = Debug|Any CPU
		{83FC17DB-0998-4AF4-BD34-BE2A41EC2E2D}.Release|Any CPU.ActiveCfg = Release|Any CPU
		{83FC17DB-0998-4AF4-BD34-BE2A41EC2E2D}.Release|Any CPU.Build.0 = Release|Any CPU
		{4CB82E2D-040F-4765-8B72-19A5E19DA0BC}.Debug|Any CPU.ActiveCfg = Debug|Any CPU
		{4CB82E2D-040F-4765-8B72-19A5E19DA0BC}.Debug|Any CPU.Build.0 = Debug|Any CPU
		{4CB82E2D-040F-4765-8B72-19A5E19DA0BC}.Release|Any CPU.ActiveCfg = Release|Any CPU
		{4CB82E2D-040F-4765-8B72-19A5E19DA0BC}.Release|Any CPU.Build.0 = Release|Any CPU
		{FB82B6CC-8460-4FD8-B056-C46F1AC80796}.Debug|Any CPU.ActiveCfg = Debug|Any CPU
		{FB82B6CC-8460-4FD8-B056-C46F1AC80796}.Debug|Any CPU.Build.0 = Debug|Any CPU
		{FB82B6CC-8460-4FD8-B056-C46F1AC80796}.Release|Any CPU.ActiveCfg = Release|Any CPU
		{FB82B6CC-8460-4FD8-B056-C46F1AC80796}.Release|Any CPU.Build.0 = Release|Any CPU
		{0C3CC653-47B8-4520-933E-27CA03BB9D80}.Debug|Any CPU.ActiveCfg = Debug|Any CPU
		{0C3CC653-47B8-4520-933E-27CA03BB9D80}.Debug|Any CPU.Build.0 = Debug|Any CPU
		{0C3CC653-47B8-4520-933E-27CA03BB9D80}.Release|Any CPU.ActiveCfg = Release|Any CPU
		{0C3CC653-47B8-4520-933E-27CA03BB9D80}.Release|Any CPU.Build.0 = Release|Any CPU
		{1613AB9C-1AB4-4B91-8CA4-FEE684DA03E9}.Debug|Any CPU.ActiveCfg = Debug|Any CPU
		{1613AB9C-1AB4-4B91-8CA4-FEE684DA03E9}.Debug|Any CPU.Build.0 = Debug|Any CPU
		{1613AB9C-1AB4-4B91-8CA4-FEE684DA03E9}.Release|Any CPU.ActiveCfg = Release|Any CPU
		{1613AB9C-1AB4-4B91-8CA4-FEE684DA03E9}.Release|Any CPU.Build.0 = Release|Any CPU
		{91A98128-2710-4641-979C-32293F57EF64}.Debug|Any CPU.ActiveCfg = Debug|Any CPU
		{91A98128-2710-4641-979C-32293F57EF64}.Debug|Any CPU.Build.0 = Debug|Any CPU
		{91A98128-2710-4641-979C-32293F57EF64}.Release|Any CPU.ActiveCfg = Release|Any CPU
		{91A98128-2710-4641-979C-32293F57EF64}.Release|Any CPU.Build.0 = Release|Any CPU
	EndGlobalSection
	GlobalSection(SolutionProperties) = preSolution
		HideSolutionNode = FALSE
	EndGlobalSection
	GlobalSection(ExtensibilityGlobals) = postSolution
		SolutionGuid = {2381A10D-313C-4618-89BC-D99A52921BAB}
	EndGlobalSection
EndGlobal
